
Microsoft Visual Studio Solution File, Format Version 12.00
# Visual Studio Version 16
VisualStudioVersion = 16.0.30011.22
MinimumVisualStudioVersion = 10.0.40219.1
Project("{FAE04EC0-301F-11D3-BF4B-00C04F79EFBC}") = "Parsers.Core", "Parsers.Core\Parsers.Core.csproj", "{DB0FDC5C-3B9B-4A24-9A6F-2EDB4265E3EE}"
EndProject
Project("{FAE04EC0-301F-11D3-BF4B-00C04F79EFBC}") = "Parsers.QueueClient", "Parsers.QueueClient\Parsers.QueueClient.csproj", "{BD218BFA-9A52-4D3B-966F-16A3C2892005}"
EndProject
Project("{FAE04EC0-301F-11D3-BF4B-00C04F79EFBC}") = "Parsers.Infrastructure", "Parsers.Infrastructure\Parsers.Infrastructure.csproj", "{4F419CD8-96BB-427E-9ADC-D315866C4CC8}"
EndProject
Global
	GlobalSection(SolutionConfigurationPlatforms) = preSolution
		Debug|Any CPU = Debug|Any CPU
		Release|Any CPU = Release|Any CPU
	EndGlobalSection
	GlobalSection(ProjectConfigurationPlatforms) = postSolution
		{DB0FDC5C-3B9B-4A24-9A6F-2EDB4265E3EE}.Debug|Any CPU.ActiveCfg = Debug|Any CPU
		{DB0FDC5C-3B9B-4A24-9A6F-2EDB4265E3EE}.Debug|Any CPU.Build.0 = Debug|Any CPU
		{DB0FDC5C-3B9B-4A24-9A6F-2EDB4265E3EE}.Release|Any CPU.ActiveCfg = Release|Any CPU
		{DB0FDC5C-3B9B-4A24-9A6F-2EDB4265E3EE}.Release|Any CPU.Build.0 = Release|Any CPU
		{BD218BFA-9A52-4D3B-966F-16A3C2892005}.Debug|Any CPU.ActiveCfg = Debug|Any CPU
		{BD218BFA-9A52-4D3B-966F-16A3C2892005}.Debug|Any CPU.Build.0 = Debug|Any CPU
		{BD218BFA-9A52-4D3B-966F-16A3C2892005}.Release|Any CPU.ActiveCfg = Release|Any CPU
		{BD218BFA-9A52-4D3B-966F-16A3C2892005}.Release|Any CPU.Build.0 = Release|Any CPU
		{4F419CD8-96BB-427E-9ADC-D315866C4CC8}.Debug|Any CPU.ActiveCfg = Debug|Any CPU
		{4F419CD8-96BB-427E-9ADC-D315866C4CC8}.Debug|Any CPU.Build.0 = Debug|Any CPU
		{4F419CD8-96BB-427E-9ADC-D315866C4CC8}.Release|Any CPU.ActiveCfg = Release|Any CPU
		{4F419CD8-96BB-427E-9ADC-D315866C4CC8}.Release|Any CPU.Build.0 = Release|Any CPU
	EndGlobalSection
	GlobalSection(SolutionProperties) = preSolution
		HideSolutionNode = FALSE
	EndGlobalSection
	GlobalSection(ExtensibilityGlobals) = postSolution
		SolutionGuid = {D01C5A67-F2AC-46B8-B12F-875CBC9C3E7A}
	EndGlobalSection
EndGlobal
