
Microsoft Visual Studio Solution File, Format Version 12.00
# Visual Studio Version 16
VisualStudioVersion = 16.0.30011.22
MinimumVisualStudioVersion = 10.0.40219.1
Project("{9A19103F-16F7-4668-BE54-9A1E7A4F7556}") = "Parsers.Core", "Parsers.Core\Parsers.Core.csproj", "{DB0FDC5C-3B9B-4A24-9A6F-2EDB4265E3EE}"
EndProject
Project("{9A19103F-16F7-4668-BE54-9A1E7A4F7556}") = "Parsers.Infrastructure", "Parsers.Infrastructure\Parsers.Infrastructure.csproj", "{4F419CD8-96BB-427E-9ADC-D315866C4CC8}"
EndProject
Project("{9A19103F-16F7-4668-BE54-9A1E7A4F7556}") = "PSStoreParser", "PSStoreParser\PSStoreParser.csproj", "{9A56E830-06C1-4964-B85D-5E17EF524B12}"
EndProject
Project("{9A19103F-16F7-4668-BE54-9A1E7A4F7556}") = "SteamParser", "SteamParser\SteamParser.csproj", "{092882BB-3BD9-4A2D-B0D4-0514CD68FA02}"
EndProject
Project("{9A19103F-16F7-4668-BE54-9A1E7A4F7556}") = "UplayParser", "UplayParser\UplayParser.csproj", "{AB5A106B-027A-44F1-861C-620F95E54663}"
EndProject
Project("{9A19103F-16F7-4668-BE54-9A1E7A4F7556}") = "OriginParser", "OriginParser\OriginParser.csproj", "{06F235FD-BDED-447E-810E-9B2AADF54160}"
EndProject
Global
	GlobalSection(SolutionConfigurationPlatforms) = preSolution
		Debug|Any CPU = Debug|Any CPU
		Release|Any CPU = Release|Any CPU
	EndGlobalSection
	GlobalSection(ProjectConfigurationPlatforms) = postSolution
		{DB0FDC5C-3B9B-4A24-9A6F-2EDB4265E3EE}.Debug|Any CPU.ActiveCfg = Debug|Any CPU
		{DB0FDC5C-3B9B-4A24-9A6F-2EDB4265E3EE}.Debug|Any CPU.Build.0 = Debug|Any CPU
		{DB0FDC5C-3B9B-4A24-9A6F-2EDB4265E3EE}.Release|Any CPU.ActiveCfg = Release|Any CPU
		{DB0FDC5C-3B9B-4A24-9A6F-2EDB4265E3EE}.Release|Any CPU.Build.0 = Release|Any CPU
		{4F419CD8-96BB-427E-9ADC-D315866C4CC8}.Debug|Any CPU.ActiveCfg = Debug|Any CPU
		{4F419CD8-96BB-427E-9ADC-D315866C4CC8}.Debug|Any CPU.Build.0 = Debug|Any CPU
		{4F419CD8-96BB-427E-9ADC-D315866C4CC8}.Release|Any CPU.ActiveCfg = Release|Any CPU
		{4F419CD8-96BB-427E-9ADC-D315866C4CC8}.Release|Any CPU.Build.0 = Release|Any CPU
		{9A56E830-06C1-4964-B85D-5E17EF524B12}.Debug|Any CPU.ActiveCfg = Debug|Any CPU
		{9A56E830-06C1-4964-B85D-5E17EF524B12}.Debug|Any CPU.Build.0 = Debug|Any CPU
		{9A56E830-06C1-4964-B85D-5E17EF524B12}.Release|Any CPU.ActiveCfg = Release|Any CPU
		{9A56E830-06C1-4964-B85D-5E17EF524B12}.Release|Any CPU.Build.0 = Release|Any CPU
		{092882BB-3BD9-4A2D-B0D4-0514CD68FA02}.Debug|Any CPU.ActiveCfg = Debug|Any CPU
		{092882BB-3BD9-4A2D-B0D4-0514CD68FA02}.Debug|Any CPU.Build.0 = Debug|Any CPU
		{092882BB-3BD9-4A2D-B0D4-0514CD68FA02}.Release|Any CPU.ActiveCfg = Release|Any CPU
		{092882BB-3BD9-4A2D-B0D4-0514CD68FA02}.Release|Any CPU.Build.0 = Release|Any CPU
		{AB5A106B-027A-44F1-861C-620F95E54663}.Debug|Any CPU.ActiveCfg = Debug|Any CPU
		{AB5A106B-027A-44F1-861C-620F95E54663}.Debug|Any CPU.Build.0 = Debug|Any CPU
		{AB5A106B-027A-44F1-861C-620F95E54663}.Release|Any CPU.ActiveCfg = Release|Any CPU
		{AB5A106B-027A-44F1-861C-620F95E54663}.Release|Any CPU.Build.0 = Release|Any CPU
		{06F235FD-BDED-447E-810E-9B2AADF54160}.Debug|Any CPU.ActiveCfg = Debug|Any CPU
		{06F235FD-BDED-447E-810E-9B2AADF54160}.Debug|Any CPU.Build.0 = Debug|Any CPU
		{06F235FD-BDED-447E-810E-9B2AADF54160}.Release|Any CPU.ActiveCfg = Release|Any CPU
		{06F235FD-BDED-447E-810E-9B2AADF54160}.Release|Any CPU.Build.0 = Release|Any CPU
	EndGlobalSection
	GlobalSection(SolutionProperties) = preSolution
		HideSolutionNode = FALSE
	EndGlobalSection
	GlobalSection(ExtensibilityGlobals) = postSolution
		SolutionGuid = {D01C5A67-F2AC-46B8-B12F-875CBC9C3E7A}
	EndGlobalSection
EndGlobal
