
Microsoft Visual Studio Solution File, Format Version 12.00
# Visual Studio Version 16
VisualStudioVersion = 16.0.29806.167
MinimumVisualStudioVersion = 10.0.40219.1
Project("{9A19103F-16F7-4668-BE54-9A1E7A4F7556}") = "GameSalesApi", "GameSalesApi\GameSalesApi.csproj", "{8041746B-FD09-42F2-B6FC-668C2DA3A176}"
EndProject
Project("{9A19103F-16F7-4668-BE54-9A1E7A4F7556}") = "Model", "Model\Model.csproj", "{1ED8B33A-F108-4C8F-9E37-091E8DB9804E}"
EndProject
Project("{9A19103F-16F7-4668-BE54-9A1E7A4F7556}") = "Infrastructure", "Infrastructure\Infrastructure.csproj", "{8E7DB0AF-35BA-416E-ACC9-34C07FE33222}"
EndProject
Project("{9A19103F-16F7-4668-BE54-9A1E7A4F7556}") = "DataAccess", "DataAccess\DataAccess.csproj", "{B0681862-D51B-4CD2-869A-7A0CE2A2D414}"
EndProject
Project("{9A19103F-16F7-4668-BE54-9A1E7A4F7556}") = "ApplicationBlocks", "ApplicationBlocks\ApplicationBlocks.csproj", "{86C6E6D2-B2F1-408D-AF71-38B5A4018967}"
EndProject
Project("{2150E333-8FDC-42A3-9474-1A3956D46DE8}") = "Tests", "Tests", "{71EF14C3-E3E1-4356-AA97-695F1CAFE6B8}"
EndProject
Project("{9A19103F-16F7-4668-BE54-9A1E7A4F7556}") = "ApplicationBlocksTest", "ApplicationBlocksTest\ApplicationBlocksTest.csproj", "{44F7FCD2-FE9E-4754-ADAC-1DC1C7D94117}"
EndProject
Project("{FAE04EC0-301F-11D3-BF4B-00C04F79EFBC}") = "Infrastructure.Tests", "Infrastructure.Tests\Infrastructure.Tests.csproj", "{5276D537-053D-4ED9-90EE-BF8BE2B7DC7D}"
EndProject
Global
	GlobalSection(SolutionConfigurationPlatforms) = preSolution
		Debug|Any CPU = Debug|Any CPU
		Release|Any CPU = Release|Any CPU
	EndGlobalSection
	GlobalSection(ProjectConfigurationPlatforms) = postSolution
		{8041746B-FD09-42F2-B6FC-668C2DA3A176}.Debug|Any CPU.ActiveCfg = Debug|Any CPU
		{8041746B-FD09-42F2-B6FC-668C2DA3A176}.Debug|Any CPU.Build.0 = Debug|Any CPU
		{8041746B-FD09-42F2-B6FC-668C2DA3A176}.Release|Any CPU.ActiveCfg = Release|Any CPU
		{8041746B-FD09-42F2-B6FC-668C2DA3A176}.Release|Any CPU.Build.0 = Release|Any CPU
		{1ED8B33A-F108-4C8F-9E37-091E8DB9804E}.Debug|Any CPU.ActiveCfg = Debug|Any CPU
		{1ED8B33A-F108-4C8F-9E37-091E8DB9804E}.Debug|Any CPU.Build.0 = Debug|Any CPU
		{1ED8B33A-F108-4C8F-9E37-091E8DB9804E}.Release|Any CPU.ActiveCfg = Release|Any CPU
		{1ED8B33A-F108-4C8F-9E37-091E8DB9804E}.Release|Any CPU.Build.0 = Release|Any CPU
		{8E7DB0AF-35BA-416E-ACC9-34C07FE33222}.Debug|Any CPU.ActiveCfg = Debug|Any CPU
		{8E7DB0AF-35BA-416E-ACC9-34C07FE33222}.Debug|Any CPU.Build.0 = Debug|Any CPU
		{8E7DB0AF-35BA-416E-ACC9-34C07FE33222}.Release|Any CPU.ActiveCfg = Release|Any CPU
		{8E7DB0AF-35BA-416E-ACC9-34C07FE33222}.Release|Any CPU.Build.0 = Release|Any CPU
		{B0681862-D51B-4CD2-869A-7A0CE2A2D414}.Debug|Any CPU.ActiveCfg = Debug|Any CPU
		{B0681862-D51B-4CD2-869A-7A0CE2A2D414}.Debug|Any CPU.Build.0 = Debug|Any CPU
		{B0681862-D51B-4CD2-869A-7A0CE2A2D414}.Release|Any CPU.ActiveCfg = Release|Any CPU
		{B0681862-D51B-4CD2-869A-7A0CE2A2D414}.Release|Any CPU.Build.0 = Release|Any CPU
		{86C6E6D2-B2F1-408D-AF71-38B5A4018967}.Debug|Any CPU.ActiveCfg = Debug|Any CPU
		{86C6E6D2-B2F1-408D-AF71-38B5A4018967}.Debug|Any CPU.Build.0 = Debug|Any CPU
		{86C6E6D2-B2F1-408D-AF71-38B5A4018967}.Release|Any CPU.ActiveCfg = Release|Any CPU
		{86C6E6D2-B2F1-408D-AF71-38B5A4018967}.Release|Any CPU.Build.0 = Release|Any CPU
		{44F7FCD2-FE9E-4754-ADAC-1DC1C7D94117}.Debug|Any CPU.ActiveCfg = Debug|Any CPU
		{44F7FCD2-FE9E-4754-ADAC-1DC1C7D94117}.Debug|Any CPU.Build.0 = Debug|Any CPU
		{44F7FCD2-FE9E-4754-ADAC-1DC1C7D94117}.Release|Any CPU.ActiveCfg = Release|Any CPU
		{44F7FCD2-FE9E-4754-ADAC-1DC1C7D94117}.Release|Any CPU.Build.0 = Release|Any CPU
		{5276D537-053D-4ED9-90EE-BF8BE2B7DC7D}.Debug|Any CPU.ActiveCfg = Debug|Any CPU
		{5276D537-053D-4ED9-90EE-BF8BE2B7DC7D}.Debug|Any CPU.Build.0 = Debug|Any CPU
		{5276D537-053D-4ED9-90EE-BF8BE2B7DC7D}.Release|Any CPU.ActiveCfg = Release|Any CPU
		{5276D537-053D-4ED9-90EE-BF8BE2B7DC7D}.Release|Any CPU.Build.0 = Release|Any CPU
	EndGlobalSection
	GlobalSection(SolutionProperties) = preSolution
		HideSolutionNode = FALSE
	EndGlobalSection
	GlobalSection(NestedProjects) = preSolution
		{44F7FCD2-FE9E-4754-ADAC-1DC1C7D94117} = {71EF14C3-E3E1-4356-AA97-695F1CAFE6B8}
		{5276D537-053D-4ED9-90EE-BF8BE2B7DC7D} = {71EF14C3-E3E1-4356-AA97-695F1CAFE6B8}
	EndGlobalSection
	GlobalSection(ExtensibilityGlobals) = postSolution
		SolutionGuid = {BCF894B9-10AB-4320-848D-8B0049AD5A0D}
	EndGlobalSection
EndGlobal
