
Microsoft Visual Studio Solution File, Format Version 12.00
# Visual Studio Version 16
VisualStudioVersion = 16.0.29709.97
MinimumVisualStudioVersion = 10.0.40219.1
Project("{FAE04EC0-301F-11D3-BF4B-00C04F79EFBC}") = "GatewayAPI", "GatewayAPI\GatewayAPI.csproj", "{79D96CB7-3F66-4FAF-B497-D4133A93104C}"
EndProject
Global
	GlobalSection(SolutionConfigurationPlatforms) = preSolution
		Debug|Any CPU = Debug|Any CPU
		Release|Any CPU = Release|Any CPU
	EndGlobalSection
	GlobalSection(ProjectConfigurationPlatforms) = postSolution
		{79D96CB7-3F66-4FAF-B497-D4133A93104C}.Debug|Any CPU.ActiveCfg = Debug|Any CPU
		{79D96CB7-3F66-4FAF-B497-D4133A93104C}.Debug|Any CPU.Build.0 = Debug|Any CPU
		{79D96CB7-3F66-4FAF-B497-D4133A93104C}.Release|Any CPU.ActiveCfg = Release|Any CPU
		{79D96CB7-3F66-4FAF-B497-D4133A93104C}.Release|Any CPU.Build.0 = Release|Any CPU
	EndGlobalSection
	GlobalSection(SolutionProperties) = preSolution
		HideSolutionNode = FALSE
	EndGlobalSection
	GlobalSection(ExtensibilityGlobals) = postSolution
		SolutionGuid = {B4C3E144-0602-4B9D-AF0D-366860CBB257}
	EndGlobalSection
EndGlobal
